
Microsoft Visual Studio Solution File, Format Version 12.00
# Visual Studio 15
VisualStudioVersion = 15.0.27130.2036
MinimumVisualStudioVersion = 10.0.40219.1
Project("{FAE04EC0-301F-11D3-BF4B-00C04F79EFBC}") = "ParserWebApp", "WebApplication1\ParserWebApp.csproj", "{DA19C376-CD3F-4BD8-BC4C-EB0970B24E99}"
EndProject
Global
	GlobalSection(SolutionConfigurationPlatforms) = preSolution
		Debug|Any CPU = Debug|Any CPU
		Release|Any CPU = Release|Any CPU
	EndGlobalSection
	GlobalSection(ProjectConfigurationPlatforms) = postSolution
		{DA19C376-CD3F-4BD8-BC4C-EB0970B24E99}.Debug|Any CPU.ActiveCfg = Debug|Any CPU
		{DA19C376-CD3F-4BD8-BC4C-EB0970B24E99}.Debug|Any CPU.Build.0 = Debug|Any CPU
		{DA19C376-CD3F-4BD8-BC4C-EB0970B24E99}.Release|Any CPU.ActiveCfg = Release|Any CPU
		{DA19C376-CD3F-4BD8-BC4C-EB0970B24E99}.Release|Any CPU.Build.0 = Release|Any CPU
	EndGlobalSection
	GlobalSection(SolutionProperties) = preSolution
		HideSolutionNode = FALSE
	EndGlobalSection
	GlobalSection(ExtensibilityGlobals) = postSolution
		SolutionGuid = {8BF68DFD-369F-4373-AD2F-FDB8C53D7760}
	EndGlobalSection
EndGlobal
